
Microsoft Visual Studio Solution File, Format Version 12.00
# Visual Studio Version 16
VisualStudioVersion = 16.0.30907.101
MinimumVisualStudioVersion = 10.0.40219.1
Project("{9A19103F-16F7-4668-BE54-9A1E7A4F7556}") = "DutchTreat", "DutchTreat.csproj", "{EBE07CBA-7F5A-47D8-B85F-D5062B2264F8}"
EndProject
Global
	GlobalSection(SolutionConfigurationPlatforms) = preSolution
		Debug|Any CPU = Debug|Any CPU
		Release|Any CPU = Release|Any CPU
	EndGlobalSection
	GlobalSection(ProjectConfigurationPlatforms) = postSolution
		{EBE07CBA-7F5A-47D8-B85F-D5062B2264F8}.Debug|Any CPU.ActiveCfg = Debug|Any CPU
		{EBE07CBA-7F5A-47D8-B85F-D5062B2264F8}.Debug|Any CPU.Build.0 = Debug|Any CPU
		{EBE07CBA-7F5A-47D8-B85F-D5062B2264F8}.Release|Any CPU.ActiveCfg = Release|Any CPU
		{EBE07CBA-7F5A-47D8-B85F-D5062B2264F8}.Release|Any CPU.Build.0 = Release|Any CPU
	EndGlobalSection
	GlobalSection(SolutionProperties) = preSolution
		HideSolutionNode = FALSE
	EndGlobalSection
	GlobalSection(ExtensibilityGlobals) = postSolution
		SolutionGuid = {911E5D6F-7608-4D10-95D6-1456054F1755}
	EndGlobalSection
EndGlobal
